<Solution>
  <Folder Name="/unit-test/">
    <Project Path="../test/TcfOss.DatabaseManager.Core.Tests/TcfOss.DatabaseManager.Core.Tests.csproj" />
    <Project Path="../test/TcfOss.DatabaseManager.LibWrapper.Tests/TcfOss.DatabaseManager.LibWrapper.Tests.csproj" />
    <Project Path="../test/TcfOss.DatabaseManager.MariaDb.Tests/TcfOss.DatabaseManager.MariaDb.Tests.csproj" />
    <Project Path="../test/TcfOss.DatabaseManager.MsSql.Tests/TcfOss.DatabaseManager.MsSql.Tests.csproj" />
    <Project Path="../test/TcfOss.DatabaseManager.MySql.Tests/TcfOss.DatabaseManager.MySql.Tests.csproj" />
  </Folder>
</Solution>
